
Microsoft Visual Studio Solution File, Format Version 12.00
# Visual Studio 15
VisualStudioVersion = 15.0.26430.14
MinimumVisualStudioVersion = 10.0.40219.1
Project("{8BC9CEB8-8B4A-11D0-8D11-00A0C91BC942}") = "ConsoleApplication1", "ConsoleApplication1.vcxproj", "{89F32AC2-6343-47FE-BF99-229ABCBB3860}"
EndProject
Global
	GlobalSection(SolutionConfigurationPlatforms) = preSolution
		Debug|ARM = Debug|ARM
		Debug|x64 = Debug|x64
		Debug|x86 = Debug|x86
		Release|ARM = Release|ARM
		Release|x64 = Release|x64
		Release|x86 = Release|x86
	EndGlobalSection
	GlobalSection(ProjectConfigurationPlatforms) = postSolution
		{89F32AC2-6343-47FE-BF99-229ABCBB3860}.Debug|ARM.ActiveCfg = Debug|ARM
		{89F32AC2-6343-47FE-BF99-229ABCBB3860}.Debug|ARM.Build.0 = Debug|ARM
		{89F32AC2-6343-47FE-BF99-229ABCBB3860}.Debug|x64.ActiveCfg = Debug|x64
		{89F32AC2-6343-47FE-BF99-229ABCBB3860}.Debug|x64.Build.0 = Debug|x64
		{89F32AC2-6343-47FE-BF99-229ABCBB3860}.Debug|x86.ActiveCfg = Debug|Win32
		{89F32AC2-6343-47FE-BF99-229ABCBB3860}.Debug|x86.Build.0 = Debug|Win32
		{89F32AC2-6343-47FE-BF99-229ABCBB3860}.Release|ARM.ActiveCfg = Release|ARM
		{89F32AC2-6343-47FE-BF99-229ABCBB3860}.Release|ARM.Build.0 = Release|ARM
		{89F32AC2-6343-47FE-BF99-229ABCBB3860}.Release|x64.ActiveCfg = Release|x64
		{89F32AC2-6343-47FE-BF99-229ABCBB3860}.Release|x64.Build.0 = Release|x64
		{89F32AC2-6343-47FE-BF99-229ABCBB3860}.Release|x86.ActiveCfg = Release|Win32
		{89F32AC2-6343-47FE-BF99-229ABCBB3860}.Release|x86.Build.0 = Release|Win32
	EndGlobalSection
	GlobalSection(SolutionProperties) = preSolution
		HideSolutionNode = FALSE
	EndGlobalSection
EndGlobal
